Microsoft Visual Studio Solution File, Format Version 12.00
# Visual Studio Version 17
VisualStudioVersion = 17.5.2.0
MinimumVisualStudioVersion = 10.0.40219.1
Project("{FAE04EC0-301F-11D3-BF4B-00C04F79EFBC}") = "Lab1", "Lab1\Lab1.csproj", "{4C38379F-6B46-EF58-4F1F-EC66EF1F7497}"
EndProject
Project("{FAE04EC0-301F-11D3-BF4B-00C04F79EFBC}") = "Lab2", "Lab2\Lab2.csproj", "{899829D2-2763-43AC-B523-1F6480DFD519}"
EndProject
Project("{FAE04EC0-301F-11D3-BF4B-00C04F79EFBC}") = "Lab3", "Lab3\Lab3.csproj", "{C6A8BA8B-F045-4813-A814-79F6C2113FB8}"
EndProject
Project("{FAE04EC0-301F-11D3-BF4B-00C04F79EFBC}") = "Lab4", "Lab4\Lab4.csproj", "{17668948-A16C-4459-81C6-7F87EDD25365}"
EndProject
Project("{FAE04EC0-301F-11D3-BF4B-00C04F79EFBC}") = "Lab5", "Lab5\Lab5.csproj", "{6F6CAF08-44B7-48D9-920C-EB8B64C8102D}"
EndProject
Project("{FAE04EC0-301F-11D3-BF4B-00C04F79EFBC}") = "Lab6", "Lab6\Lab6.csproj", "{65E0F6E2-ABAA-4B83-BC56-6C13568D8762}"
EndProject
Global
	GlobalSection(SolutionConfigurationPlatforms) = preSolution
		Debug|Any CPU = Debug|Any CPU
		Release|Any CPU = Release|Any CPU
	EndGlobalSection
	GlobalSection(ProjectConfigurationPlatforms) = postSolution
		{4C38379F-6B46-EF58-4F1F-EC66EF1F7497}.Debug|Any CPU.ActiveCfg = Debug|Any CPU
		{4C38379F-6B46-EF58-4F1F-EC66EF1F7497}.Debug|Any CPU.Build.0 = Debug|Any CPU
		{4C38379F-6B46-EF58-4F1F-EC66EF1F7497}.Release|Any CPU.ActiveCfg = Release|Any CPU
		{4C38379F-6B46-EF58-4F1F-EC66EF1F7497}.Release|Any CPU.Build.0 = Release|Any CPU
		{899829D2-2763-43AC-B523-1F6480DFD519}.Debug|Any CPU.ActiveCfg = Debug|Any CPU
		{899829D2-2763-43AC-B523-1F6480DFD519}.Debug|Any CPU.Build.0 = Debug|Any CPU
		{899829D2-2763-43AC-B523-1F6480DFD519}.Release|Any CPU.ActiveCfg = Release|Any CPU
		{899829D2-2763-43AC-B523-1F6480DFD519}.Release|Any CPU.Build.0 = Release|Any CPU
		{C6A8BA8B-F045-4813-A814-79F6C2113FB8}.Debug|Any CPU.ActiveCfg = Debug|Any CPU
		{C6A8BA8B-F045-4813-A814-79F6C2113FB8}.Debug|Any CPU.Build.0 = Debug|Any CPU
		{C6A8BA8B-F045-4813-A814-79F6C2113FB8}.Release|Any CPU.ActiveCfg = Release|Any CPU
		{C6A8BA8B-F045-4813-A814-79F6C2113FB8}.Release|Any CPU.Build.0 = Release|Any CPU
		{17668948-A16C-4459-81C6-7F87EDD25365}.Debug|Any CPU.ActiveCfg = Debug|Any CPU
		{17668948-A16C-4459-81C6-7F87EDD25365}.Debug|Any CPU.Build.0 = Debug|Any CPU
		{17668948-A16C-4459-81C6-7F87EDD25365}.Release|Any CPU.ActiveCfg = Release|Any CPU
		{17668948-A16C-4459-81C6-7F87EDD25365}.Release|Any CPU.Build.0 = Release|Any CPU
		{6F6CAF08-44B7-48D9-920C-EB8B64C8102D}.Debug|Any CPU.ActiveCfg = Debug|Any CPU
		{6F6CAF08-44B7-48D9-920C-EB8B64C8102D}.Debug|Any CPU.Build.0 = Debug|Any CPU
		{6F6CAF08-44B7-48D9-920C-EB8B64C8102D}.Release|Any CPU.ActiveCfg = Release|Any CPU
		{6F6CAF08-44B7-48D9-920C-EB8B64C8102D}.Release|Any CPU.Build.0 = Release|Any CPU
		{65E0F6E2-ABAA-4B83-BC56-6C13568D8762}.Debug|Any CPU.ActiveCfg = Debug|Any CPU
		{65E0F6E2-ABAA-4B83-BC56-6C13568D8762}.Debug|Any CPU.Build.0 = Debug|Any CPU
		{65E0F6E2-ABAA-4B83-BC56-6C13568D8762}.Release|Any CPU.ActiveCfg = Release|Any CPU
		{65E0F6E2-ABAA-4B83-BC56-6C13568D8762}.Release|Any CPU.Build.0 = Release|Any CPU
	EndGlobalSection
	GlobalSection(SolutionProperties) = preSolution
		HideSolutionNode = FALSE
	EndGlobalSection
	GlobalSection(ExtensibilityGlobals) = postSolution
		SolutionGuid = {E4DAE190-7AD7-4215-9E5E-93CD9034040D}
	EndGlobalSection
EndGlobal
